
Microsoft Visual Studio Solution File, Format Version 12.00
# Visual Studio Version 16
VisualStudioVersion = 16.0.30011.22
MinimumVisualStudioVersion = 10.0.40219.1
Project("{9A19103F-16F7-4668-BE54-9A1E7A4F7556}") = "GraphicsAssignment2", "GraphicsAssignment2\GraphicsAssignment2.csproj", "{AFD595AB-869E-47B1-ABA5-97ABC1454748}"
EndProject
Global
	GlobalSection(SolutionConfigurationPlatforms) = preSolution
		Debug|Any CPU = Debug|Any CPU
		Release|Any CPU = Release|Any CPU
	EndGlobalSection
	GlobalSection(ProjectConfigurationPlatforms) = postSolution
		{AFD595AB-869E-47B1-ABA5-97ABC1454748}.Debug|Any CPU.ActiveCfg = Debug|Any CPU
		{AFD595AB-869E-47B1-ABA5-97ABC1454748}.Debug|Any CPU.Build.0 = Debug|Any CPU
		{AFD595AB-869E-47B1-ABA5-97ABC1454748}.Release|Any CPU.ActiveCfg = Release|Any CPU
		{AFD595AB-869E-47B1-ABA5-97ABC1454748}.Release|Any CPU.Build.0 = Release|Any CPU
	EndGlobalSection
	GlobalSection(SolutionProperties) = preSolution
		HideSolutionNode = FALSE
	EndGlobalSection
	GlobalSection(ExtensibilityGlobals) = postSolution
		SolutionGuid = {F216699F-940F-4CEB-9D18-5C8C18B12311}
	EndGlobalSection
EndGlobal
